
Microsoft Visual Studio Solution File, Format Version 12.00
# Visual Studio Version 17
VisualStudioVersion = 17.7.34009.444
MinimumVisualStudioVersion = 10.0.40219.1
Project("{9A19103F-16F7-4668-BE54-9A1E7A4F7556}") = "Labb1-Minimal-API", "Labb1-Minimal-API\Labb1-Minimal-API.csproj", "{9D46ECE6-CF36-48A9-AAB5-4387F8F87210}"
EndProject
Project("{FAE04EC0-301F-11D3-BF4B-00C04F79EFBC}") = "BookUI", "BookUI\BookUI.csproj", "{E62B2E22-536F-4CBA-BAB6-F6007A4FCC73}"
EndProject
Global
	GlobalSection(SolutionConfigurationPlatforms) = preSolution
		Debug|Any CPU = Debug|Any CPU
		Release|Any CPU = Release|Any CPU
	EndGlobalSection
	GlobalSection(ProjectConfigurationPlatforms) = postSolution
		{9D46ECE6-CF36-48A9-AAB5-4387F8F87210}.Debug|Any CPU.ActiveCfg = Debug|Any CPU
		{9D46ECE6-CF36-48A9-AAB5-4387F8F87210}.Debug|Any CPU.Build.0 = Debug|Any CPU
		{9D46ECE6-CF36-48A9-AAB5-4387F8F87210}.Release|Any CPU.ActiveCfg = Release|Any CPU
		{9D46ECE6-CF36-48A9-AAB5-4387F8F87210}.Release|Any CPU.Build.0 = Release|Any CPU
		{E62B2E22-536F-4CBA-BAB6-F6007A4FCC73}.Debug|Any CPU.ActiveCfg = Debug|Any CPU
		{E62B2E22-536F-4CBA-BAB6-F6007A4FCC73}.Debug|Any CPU.Build.0 = Debug|Any CPU
		{E62B2E22-536F-4CBA-BAB6-F6007A4FCC73}.Release|Any CPU.ActiveCfg = Release|Any CPU
		{E62B2E22-536F-4CBA-BAB6-F6007A4FCC73}.Release|Any CPU.Build.0 = Release|Any CPU
	EndGlobalSection
	GlobalSection(SolutionProperties) = preSolution
		HideSolutionNode = FALSE
	EndGlobalSection
	GlobalSection(ExtensibilityGlobals) = postSolution
		SolutionGuid = {06934586-5711-43AA-8FA4-B11D35111996}
	EndGlobalSection
EndGlobal
